("quicklisp" .
 (:class qlot.source.ql:source-ql-all
  :initargs (:distribution "http://beta.quicklisp.org/dist/quicklisp.txt" :%version :latest)
  :version "2019-02-02"))
("varjo" .
 (:class qlot.source.github:source-github
  :initargs (:project-name "varjo" :repos "cbaggers/varjo" :ref nil :branch nil :tag nil)
  :version "github-NIL"
  :repos "cbaggers/varjo"
  :url "https://github.com/cbaggers/varjo/archive/master.tar.gz"
  :ref nil))
("golden-utils" .
 (:class qlot.source.github:source-github
  :initargs (:project-name "golden-utils" :repos "mfiano/golden-utils" :ref nil :branch nil :tag nil)
  :version "github-9f829877d77625c3a0020b6572a583db46a3eb2d"
  :repos "mfiano/golden-utils"
  :url "https://github.com/mfiano/golden-utils/archive/9f829877d77625c3a0020b6572a583db46a3eb2d.tar.gz"
  :ref "9f829877d77625c3a0020b6572a583db46a3eb2d"))
("dungen" .
 (:class qlot.source.github:source-github
  :initargs (:project-name "dungen" :repos "mfiano/dungen" :ref nil :branch nil :tag nil)
  :version "github-a50c853494343ecf49dac0a6f89b43307abd102d"
  :repos "mfiano/dungen"
  :url "https://github.com/mfiano/dungen/archive/a50c853494343ecf49dac0a6f89b43307abd102d.tar.gz"
  :ref "a50c853494343ecf49dac0a6f89b43307abd102d"))
("game-math" .
 (:class qlot.source.github:source-github
  :initargs (:project-name "game-math" :repos "mfiano/game-math" :ref nil :branch nil :tag nil)
  :version "github-24c2f4b11946550efb5d76cbca505be05565347e"
  :repos "mfiano/game-math"
  :url "https://github.com/mfiano/game-math/archive/24c2f4b11946550efb5d76cbca505be05565347e.tar.gz"
  :ref "24c2f4b11946550efb5d76cbca505be05565347e"))
("bloom" .
 (:class qlot.source.github:source-github
  :initargs (:project-name "bloom" :repos "mfiano/bloom" :ref nil :branch nil :tag nil)
  :version "github-0194fc7db4cc2edc881c8416ca268b0f935c8ed4"
  :repos "mfiano/bloom"
  :url "https://github.com/mfiano/bloom/archive/0194fc7db4cc2edc881c8416ca268b0f935c8ed4.tar.gz"
  :ref "0194fc7db4cc2edc881c8416ca268b0f935c8ed4"))
("doubly-linked-list" .
 (:class qlot.source.github:source-github
  :initargs (:project-name "doubly-linked-list" :repos "mfiano/doubly-linked-list" :ref nil :branch nil :tag nil)
  :version "github-2cd2336932abe68aef38522ef536c1635c74c7ed"
  :repos "mfiano/doubly-linked-list"
  :url "https://github.com/mfiano/doubly-linked-list/archive/2cd2336932abe68aef38522ef536c1635c74c7ed.tar.gz"
  :ref "2cd2336932abe68aef38522ef536c1635c74c7ed"))
("shadow" .
 (:class qlot.source.github:source-github
  :initargs (:project-name "shadow" :repos "mfiano/shadow" :ref nil :branch nil :tag nil)
  :version "github-6c5d70630594d28840408252030d743bc61edf37"
  :repos "mfiano/shadow"
  :url "https://github.com/mfiano/shadow/archive/6c5d70630594d28840408252030d743bc61edf37.tar.gz"
  :ref "6c5d70630594d28840408252030d743bc61edf37"))
("umbra" .
 (:class qlot.source.github:source-github
  :initargs (:project-name "umbra" :repos "mfiano/umbra" :ref nil :branch nil :tag nil)
  :version "github-f0a81459560f2cf541cf8639fed96996f17b428e"
  :repos "mfiano/umbra"
  :url "https://github.com/mfiano/umbra/archive/f0a81459560f2cf541cf8639fed96996f17b428e.tar.gz"
  :ref "f0a81459560f2cf541cf8639fed96996f17b428e"))
