("quicklisp" .
 (:class qlot.source.ql:source-ql-all
  :initargs (:distribution "http://beta.quicklisp.org/dist/quicklisp.txt" :%version :latest)
  :version "2019-02-02"))
("varjo" .
 (:class qlot.source.github:source-github
  :initargs (:project-name "varjo" :repos "cbaggers/varjo" :ref nil :branch nil :tag nil)
  :version "github-NIL"
  :repos "cbaggers/varjo"
  :url "https://github.com/cbaggers/varjo/archive/master.tar.gz"
  :ref nil))
("golden-utils" .
 (:class qlot.source.github:source-github
  :initargs (:project-name "golden-utils" :repos "mfiano/golden-utils" :ref nil :branch nil :tag nil)
  :version "github-9f829877d77625c3a0020b6572a583db46a3eb2d"
  :repos "mfiano/golden-utils"
  :url "https://github.com/mfiano/golden-utils/archive/9f829877d77625c3a0020b6572a583db46a3eb2d.tar.gz"
  :ref "9f829877d77625c3a0020b6572a583db46a3eb2d"))
("dungen" .
 (:class qlot.source.github:source-github
  :initargs (:project-name "dungen" :repos "mfiano/dungen" :ref nil :branch nil :tag nil)
  :version "github-024f644c8dad597666c394801f3bb7fa57dfa8a1"
  :repos "mfiano/dungen"
  :url "https://github.com/mfiano/dungen/archive/024f644c8dad597666c394801f3bb7fa57dfa8a1.tar.gz"
  :ref "024f644c8dad597666c394801f3bb7fa57dfa8a1"))
("game-math" .
 (:class qlot.source.github:source-github
  :initargs (:project-name "game-math" :repos "mfiano/game-math" :ref nil :branch nil :tag nil)
  :version "github-cdb00b0a9c1d60f47b1f75202fdd7bdbf8c2551d"
  :repos "mfiano/game-math"
  :url "https://github.com/mfiano/game-math/archive/cdb00b0a9c1d60f47b1f75202fdd7bdbf8c2551d.tar.gz"
  :ref "cdb00b0a9c1d60f47b1f75202fdd7bdbf8c2551d"))
("bloom" .
 (:class qlot.source.github:source-github
  :initargs (:project-name "bloom" :repos "mfiano/bloom" :ref nil :branch nil :tag nil)
  :version "github-6f8760420644fbd09d3b6661cd030defa543a9c6"
  :repos "mfiano/bloom"
  :url "https://github.com/mfiano/bloom/archive/6f8760420644fbd09d3b6661cd030defa543a9c6.tar.gz"
  :ref "6f8760420644fbd09d3b6661cd030defa543a9c6"))
("doubly-linked-list" .
 (:class qlot.source.github:source-github
  :initargs (:project-name "doubly-linked-list" :repos "mfiano/doubly-linked-list" :ref nil :branch nil :tag nil)
  :version "github-2cd2336932abe68aef38522ef536c1635c74c7ed"
  :repos "mfiano/doubly-linked-list"
  :url "https://github.com/mfiano/doubly-linked-list/archive/2cd2336932abe68aef38522ef536c1635c74c7ed.tar.gz"
  :ref "2cd2336932abe68aef38522ef536c1635c74c7ed"))
("shadow" .
 (:class qlot.source.github:source-github
  :initargs (:project-name "shadow" :repos "mfiano/shadow" :ref nil :branch nil :tag nil)
  :version "github-6c5d70630594d28840408252030d743bc61edf37"
  :repos "mfiano/shadow"
  :url "https://github.com/mfiano/shadow/archive/6c5d70630594d28840408252030d743bc61edf37.tar.gz"
  :ref "6c5d70630594d28840408252030d743bc61edf37"))
("umbra" .
 (:class qlot.source.github:source-github
  :initargs (:project-name "umbra" :repos "mfiano/umbra" :ref nil :branch nil :tag nil)
  :version "github-f0a81459560f2cf541cf8639fed96996f17b428e"
  :repos "mfiano/umbra"
  :url "https://github.com/mfiano/umbra/archive/f0a81459560f2cf541cf8639fed96996f17b428e.tar.gz"
  :ref "f0a81459560f2cf541cf8639fed96996f17b428e"))
